
Microsoft Visual Studio Solution File, Format Version 12.00
# Visual Studio Version 17
VisualStudioVersion = 17.14.36127.28
MinimumVisualStudioVersion = 10.0.40219.1
Project("{FAE04EC0-301F-11D3-BF4B-00C04F79EFBC}") = "ClipboardHistoryMini", "ClipboardHistoryMini\ClipboardHistoryMini.csproj", "{F830109C-43B4-440B-99AE-D53FACF09DA8}"
EndProject
Project("{C7167F0D-BC9F-4E6E-AFE1-012C56B48DB5}") = "WinAppPackaging", "WinAppPackaging\WinAppPackaging.wapproj", "{D417A27E-C458-41CB-96B0-9EFFCC5E5A90}"
EndProject
Global
	GlobalSection(SolutionConfigurationPlatforms) = preSolution
		Debug|Any CPU = Debug|Any CPU
		Debug|ARM = Debug|ARM
		Debug|ARM64 = Debug|ARM64
		Debug|x64 = Debug|x64
		Debug|x86 = Debug|x86
		Release|Any CPU = Release|Any CPU
		Release|ARM = Release|ARM
		Release|ARM64 = Release|ARM64
		Release|x64 = Release|x64
		Release|x86 = Release|x86
	EndGlobalSection
	GlobalSection(ProjectConfigurationPlatforms) = postSolution
		{F830109C-43B4-440B-99AE-D53FACF09DA8}.Debug|Any CPU.ActiveCfg = Debug|Any CPU
		{F830109C-43B4-440B-99AE-D53FACF09DA8}.Debug|Any CPU.Build.0 = Debug|Any CPU
		{F830109C-43B4-440B-99AE-D53FACF09DA8}.Debug|ARM.ActiveCfg = Debug|Any CPU
		{F830109C-43B4-440B-99AE-D53FACF09DA8}.Debug|ARM.Build.0 = Debug|Any CPU
		{F830109C-43B4-440B-99AE-D53FACF09DA8}.Debug|ARM64.ActiveCfg = Debug|Any CPU
		{F830109C-43B4-440B-99AE-D53FACF09DA8}.Debug|ARM64.Build.0 = Debug|Any CPU
		{F830109C-43B4-440B-99AE-D53FACF09DA8}.Debug|x64.ActiveCfg = Debug|Any CPU
		{F830109C-43B4-440B-99AE-D53FACF09DA8}.Debug|x64.Build.0 = Debug|Any CPU
		{F830109C-43B4-440B-99AE-D53FACF09DA8}.Debug|x86.ActiveCfg = Debug|Any CPU
		{F830109C-43B4-440B-99AE-D53FACF09DA8}.Debug|x86.Build.0 = Debug|Any CPU
		{F830109C-43B4-440B-99AE-D53FACF09DA8}.Release|Any CPU.ActiveCfg = Release|Any CPU
		{F830109C-43B4-440B-99AE-D53FACF09DA8}.Release|Any CPU.Build.0 = Release|Any CPU
		{F830109C-43B4-440B-99AE-D53FACF09DA8}.Release|ARM.ActiveCfg = Release|Any CPU
		{F830109C-43B4-440B-99AE-D53FACF09DA8}.Release|ARM.Build.0 = Release|Any CPU
		{F830109C-43B4-440B-99AE-D53FACF09DA8}.Release|ARM64.ActiveCfg = Release|Any CPU
		{F830109C-43B4-440B-99AE-D53FACF09DA8}.Release|ARM64.Build.0 = Release|Any CPU
		{F830109C-43B4-440B-99AE-D53FACF09DA8}.Release|x64.ActiveCfg = Release|Any CPU
		{F830109C-43B4-440B-99AE-D53FACF09DA8}.Release|x64.Build.0 = Release|Any CPU
		{F830109C-43B4-440B-99AE-D53FACF09DA8}.Release|x86.ActiveCfg = Release|Any CPU
		{F830109C-43B4-440B-99AE-D53FACF09DA8}.Release|x86.Build.0 = Release|Any CPU
		{D417A27E-C458-41CB-96B0-9EFFCC5E5A90}.Debug|Any CPU.ActiveCfg = Debug|Any CPU
		{D417A27E-C458-41CB-96B0-9EFFCC5E5A90}.Debug|Any CPU.Build.0 = Debug|Any CPU
		{D417A27E-C458-41CB-96B0-9EFFCC5E5A90}.Debug|Any CPU.Deploy.0 = Debug|Any CPU
		{D417A27E-C458-41CB-96B0-9EFFCC5E5A90}.Debug|ARM.ActiveCfg = Debug|ARM
		{D417A27E-C458-41CB-96B0-9EFFCC5E5A90}.Debug|ARM.Build.0 = Debug|ARM
		{D417A27E-C458-41CB-96B0-9EFFCC5E5A90}.Debug|ARM.Deploy.0 = Debug|ARM
		{D417A27E-C458-41CB-96B0-9EFFCC5E5A90}.Debug|ARM64.ActiveCfg = Debug|ARM64
		{D417A27E-C458-41CB-96B0-9EFFCC5E5A90}.Debug|ARM64.Build.0 = Debug|ARM64
		{D417A27E-C458-41CB-96B0-9EFFCC5E5A90}.Debug|ARM64.Deploy.0 = Debug|ARM64
		{D417A27E-C458-41CB-96B0-9EFFCC5E5A90}.Debug|x64.ActiveCfg = Debug|x64
		{D417A27E-C458-41CB-96B0-9EFFCC5E5A90}.Debug|x64.Build.0 = Debug|x64
		{D417A27E-C458-41CB-96B0-9EFFCC5E5A90}.Debug|x64.Deploy.0 = Debug|x64
		{D417A27E-C458-41CB-96B0-9EFFCC5E5A90}.Debug|x86.ActiveCfg = Debug|x86
		{D417A27E-C458-41CB-96B0-9EFFCC5E5A90}.Debug|x86.Build.0 = Debug|x86
		{D417A27E-C458-41CB-96B0-9EFFCC5E5A90}.Debug|x86.Deploy.0 = Debug|x86
		{D417A27E-C458-41CB-96B0-9EFFCC5E5A90}.Release|Any CPU.ActiveCfg = Release|Any CPU
		{D417A27E-C458-41CB-96B0-9EFFCC5E5A90}.Release|Any CPU.Build.0 = Release|Any CPU
		{D417A27E-C458-41CB-96B0-9EFFCC5E5A90}.Release|Any CPU.Deploy.0 = Release|Any CPU
		{D417A27E-C458-41CB-96B0-9EFFCC5E5A90}.Release|ARM.ActiveCfg = Release|ARM
		{D417A27E-C458-41CB-96B0-9EFFCC5E5A90}.Release|ARM.Build.0 = Release|ARM
		{D417A27E-C458-41CB-96B0-9EFFCC5E5A90}.Release|ARM.Deploy.0 = Release|ARM
		{D417A27E-C458-41CB-96B0-9EFFCC5E5A90}.Release|ARM64.ActiveCfg = Release|ARM64
		{D417A27E-C458-41CB-96B0-9EFFCC5E5A90}.Release|ARM64.Build.0 = Release|ARM64
		{D417A27E-C458-41CB-96B0-9EFFCC5E5A90}.Release|ARM64.Deploy.0 = Release|ARM64
		{D417A27E-C458-41CB-96B0-9EFFCC5E5A90}.Release|x64.ActiveCfg = Release|x64
		{D417A27E-C458-41CB-96B0-9EFFCC5E5A90}.Release|x64.Build.0 = Release|x64
		{D417A27E-C458-41CB-96B0-9EFFCC5E5A90}.Release|x64.Deploy.0 = Release|x64
		{D417A27E-C458-41CB-96B0-9EFFCC5E5A90}.Release|x86.ActiveCfg = Release|x86
		{D417A27E-C458-41CB-96B0-9EFFCC5E5A90}.Release|x86.Build.0 = Release|x86
		{D417A27E-C458-41CB-96B0-9EFFCC5E5A90}.Release|x86.Deploy.0 = Release|x86
	EndGlobalSection
	GlobalSection(SolutionProperties) = preSolution
		HideSolutionNode = FALSE
	EndGlobalSection
	GlobalSection(ExtensibilityGlobals) = postSolution
		SolutionGuid = {4288F86B-6799-4003-982D-BA88C9FAE87C}
	EndGlobalSection
EndGlobal
